
Microsoft Visual Studio Solution File, Format Version 12.00
# Visual Studio Version 16
VisualStudioVersion = 16.0.30717.126
MinimumVisualStudioVersion = 10.0.40219.1
Project("{FAE04EC0-301F-11D3-BF4B-00C04F79EFBC}") = "RaftConsensus", "RaftConsensus\RaftConsensus.csproj", "{7A86514D-1A92-40C8-AD21-213417E260BE}"
EndProject
Project("{FAE04EC0-301F-11D3-BF4B-00C04F79EFBC}") = "RaftConsensus.Tests", "RaftConsensus.Tests\RaftConsensus.Tests.csproj", "{0E2A6FC7-C4FC-4F42-98E0-3F94F37ED98E}"
EndProject
Project("{FAE04EC0-301F-11D3-BF4B-00C04F79EFBC}") = "RaftConsensus.Common", "RaftConsensus.Common\RaftConsensus.Common.csproj", "{B1631E2C-DF13-4BE5-8F24-FAA0D0A05CE4}"
EndProject
Global
	GlobalSection(SolutionConfigurationPlatforms) = preSolution
		Debug|Any CPU = Debug|Any CPU
		Release|Any CPU = Release|Any CPU
	EndGlobalSection
	GlobalSection(ProjectConfigurationPlatforms) = postSolution
		{7A86514D-1A92-40C8-AD21-213417E260BE}.Debug|Any CPU.ActiveCfg = Debug|Any CPU
		{7A86514D-1A92-40C8-AD21-213417E260BE}.Debug|Any CPU.Build.0 = Debug|Any CPU
		{7A86514D-1A92-40C8-AD21-213417E260BE}.Release|Any CPU.ActiveCfg = Release|Any CPU
		{7A86514D-1A92-40C8-AD21-213417E260BE}.Release|Any CPU.Build.0 = Release|Any CPU
		{0E2A6FC7-C4FC-4F42-98E0-3F94F37ED98E}.Debug|Any CPU.ActiveCfg = Debug|Any CPU
		{0E2A6FC7-C4FC-4F42-98E0-3F94F37ED98E}.Debug|Any CPU.Build.0 = Debug|Any CPU
		{0E2A6FC7-C4FC-4F42-98E0-3F94F37ED98E}.Release|Any CPU.ActiveCfg = Release|Any CPU
		{0E2A6FC7-C4FC-4F42-98E0-3F94F37ED98E}.Release|Any CPU.Build.0 = Release|Any CPU
		{B1631E2C-DF13-4BE5-8F24-FAA0D0A05CE4}.Debug|Any CPU.ActiveCfg = Debug|Any CPU
		{B1631E2C-DF13-4BE5-8F24-FAA0D0A05CE4}.Debug|Any CPU.Build.0 = Debug|Any CPU
		{B1631E2C-DF13-4BE5-8F24-FAA0D0A05CE4}.Release|Any CPU.ActiveCfg = Release|Any CPU
		{B1631E2C-DF13-4BE5-8F24-FAA0D0A05CE4}.Release|Any CPU.Build.0 = Release|Any CPU
	EndGlobalSection
	GlobalSection(SolutionProperties) = preSolution
		HideSolutionNode = FALSE
	EndGlobalSection
	GlobalSection(ExtensibilityGlobals) = postSolution
		SolutionGuid = {8A132495-F9F0-43D8-ADCC-66641B0A1FE6}
	EndGlobalSection
EndGlobal
